// !$*UTF8*$!
{
	archiveVersion = 1;
	classes = {
	};
	objectVersion = 50;
	objects = {

/* Begin PBXBuildFile section */
		10749F39209C1F6F00FBC1A7 /* SwipingController.swift in Sources */ = {isa = PBXBuildFile; fileRef = 10749F38209C1F6F00FBC1A7 /* SwipingController.swift */; };
		10749F3B209C335300FBC1A7 /* PageCell.swift in Sources */ = {isa = PBXBuildFile; fileRef = 10749F3A209C335300FBC1A7 /* PageCell.swift */; };
		10749F3D209C414800FBC1A7 /* Page.swift in Sources */ = {isa = PBXBuildFile; fileRef = 10749F3C209C414800FBC1A7 /* Page.swift */; };
		10F4688B208EE285002D910A /* AppDelegate.swift in Sources */ = {isa = PBXBuildFile; fileRef = 10F4688A208EE285002D910A /* AppDelegate.swift */; };
		10F4688D208EE285002D910A /* ViewController.swift in Sources */ = {isa = PBXBuildFile; fileRef = 10F4688C208EE285002D910A /* ViewController.swift */; };
		10F46890208EE285002D910A /* Main.storyboard in Resources */ = {isa = PBXBuildFile; fileRef = 10F4688E208EE285002D910A /* Main.storyboard */; };
		10F46892208EE28E002D910A /* Assets.xcassets in Resources */ = {isa = PBXBuildFile; fileRef = 10F46891208EE28E002D910A /* Assets.xcassets */; };
		10F46895208EE28E002D910A /* LaunchScreen.storyboard in Resources */ = {isa = PBXBuildFile; fileRef = 10F46893208EE28E002D910A /* LaunchScreen.storyboard */; };
/* End PBXBuildFile section */

/* Begin PBXFileReference section */
		10749F38209C1F6F00FBC1A7 /* SwipingController.swift */ = {isa = PBXFileReference; lastKnownFileType = sourcecode.swift; path = SwipingController.swift; sourceTree = "<group>"; };
		10749F3A209C335300FBC1A7 /* PageCell.swift */ = {isa = PBXFileReference; lastKnownFileType = sourcecode.swift; path = PageCell.swift; sourceTree = "<group>"; };
		10749F3C209C414800FBC1A7 /* Page.swift */ = {isa = PBXFileReference; lastKnownFileType = sourcecode.swift; path = Page.swift; sourceTree = "<group>"; };
		10F46887208EE284002D910A /* iPadLandscape.app */ = {isa = PBXFileReference; explicitFileType = wrapper.application; includeInIndex = 0; path = iPadLandscape.app; sourceTree = BUILT_PRODUCTS_DIR; };
		10F4688A208EE285002D910A /* AppDelegate.swift */ = {isa = PBXFileReference; lastKnownFileType = sourcecode.swift; path = AppDelegate.swift; sourceTree = "<group>"; };
		10F4688C208EE285002D910A /* ViewController.swift */ = {isa = PBXFileReference; lastKnownFileType = sourcecode.swift; path = ViewController.swift; sourceTree = "<group>"; };
		10F4688F208EE285002D910A /* Base */ = {isa = PBXFileReference; lastKnownFileType = file.storyboard; name = Base; path = Base.lproj/Main.storyboard; sourceTree = "<group>"; };
		10F46891208EE28E002D910A /* Assets.xcassets */ = {isa = PBXFileReference; lastKnownFileType = folder.assetcatalog; path = Assets.xcassets; sourceTree = "<group>"; };
		10F46894208EE28E002D910A /* Base */ = {isa = PBXFileReference; lastKnownFileType = file.storyboard; name = Base; path = Base.lproj/LaunchScreen.storyboard; sourceTree = "<group>"; };
		10F46896208EE28E002D910A /* Info.plist */ = {isa = PBXFileReference; lastKnownFileType = text.plist.xml; path = Info.plist; sourceTree = "<group>"; };
/* End PBXFileReference section */

/* Begin PBXFrameworksBuildPhase section */
		10F46884208EE284002D910A /* Frameworks */ = {
			isa = PBXFrameworksBuildPhase;
			buildActionMask = 2147483647;
			files = (
			);
			runOnlyForDeploymentPostprocessing = 0;
		};
/* End PBXFrameworksBuildPhase section */

/* Begin PBXGroup section */
		10F4687E208EE284002D910A = {
			isa = PBXGroup;
			children = (
				10F46889208EE284002D910A /* iPadLandscape */,
				10F46888208EE284002D910A /* Products */,
			);
			sourceTree = "<group>";
		};
		10F46888208EE284002D910A /* Products */ = {
			isa = PBXGroup;
			children = (
				10F46887208EE284002D910A /* iPadLandscape.app */,
			);
			name = Products;
			sourceTree = "<group>";
		};
		10F46889208EE284002D910A /* iPadLandscape */ = {
			isa = PBXGroup;
			children = (
				10F4688A208EE285002D910A /* AppDelegate.swift */,
				10F4688C208EE285002D910A /* ViewController.swift */,
				10F4688E208EE285002D910A /* Main.storyboard */,
				10F46891208EE28E002D910A /* Assets.xcassets */,
				10F46893208EE28E002D910A /* LaunchScreen.storyboard */,
				10F46896208EE28E002D910A /* Info.plist */,
				10749F38209C1F6F00FBC1A7 /* SwipingController.swift */,
				10749F3A209C335300FBC1A7 /* PageCell.swift */,
				10749F3C209C414800FBC1A7 /* Page.swift */,
			);
			path = iPadLandscape;
			sourceTree = "<group>";
		};
/* End PBXGroup section */

/* Begin PBXNativeTarget section */
		10F46886208EE284002D910A /* iPadLandscape */ = {
			isa = PBXNativeTarget;
			buildConfigurationList = 10F46899208EE28E002D910A /* Build configuration list for PBXNativeTarget "iPadLandscape" */;
			buildPhases = (
				10F46883208EE284002D910A /* Sources */,
				10F46884208EE284002D910A /* Frameworks */,
				10F46885208EE284002D910A /* Resources */,
			);
			buildRules = (
			);
			dependencies = (
			);
			name = iPadLandscape;
			productName = iPadLandscape;
			productReference = 10F46887208EE284002D910A /* iPadLandscape.app */;
			productType = "com.apple.product-type.application";
		};
/* End PBXNativeTarget section */

/* Begin PBXProject section */
		10F4687F208EE284002D910A /* Project object */ = {
			isa = PBXProject;
			attributes = {
				LastSwiftUpdateCheck = 0930;
				LastUpgradeCheck = 0930;
				ORGANIZATIONNAME = willix;
				TargetAttributes = {
					10F46886208EE284002D910A = {
						CreatedOnToolsVersion = 9.3;
					};
				};
			};
			buildConfigurationList = 10F46882208EE284002D910A /* Build configuration list for PBXProject "iPadLandscape" */;
			compatibilityVersion = "Xcode 9.3";
			developmentRegion = en;
			hasScannedForEncodings = 0;
			knownRegions = (
				en,
				Base,
			);
			mainGroup = 10F4687E208EE284002D910A;
			productRefGroup = 10F46888208EE284002D910A /* Products */;
			projectDirPath = "";
			projectRoot = "";
			targets = (
				10F46886208EE284002D910A /* iPadLandscape */,
			);
		};
/* End PBXProject section */

/* Begin PBXResourcesBuildPhase section */
		10F46885208EE284002D910A /* Resources */ = {
			isa = PBXResourcesBuildPhase;
			buildActionMask = 2147483647;
			files = (
				10F46895208EE28E002D910A /* LaunchScreen.storyboard in Resources */,
				10F46892208EE28E002D910A /* Assets.xcassets in Resources */,
				10F46890208EE285002D910A /* Main.storyboard in Resources */,
			);
			runOnlyForDeploymentPostprocessing = 0;
		};
/* End PBXResourcesBuildPhase section */

/* Begin PBXSourcesBuildPhase section */
		10F46883208EE284002D910A /* Sources */ = {
			isa = PBXSourcesBuildPhase;
			buildActionMask = 2147483647;
			files = (
				10F4688D208EE285002D910A /* ViewController.swift in Sources */,
				10F4688B208EE285002D910A /* AppDelegate.swift in Sources */,
				10749F3B209C335300FBC1A7 /* PageCell.swift in Sources */,
				10749F39209C1F6F00FBC1A7 /* SwipingController.swift in Sources */,
				10749F3D209C414800FBC1A7 /* Page.swift in Sources */,
			);
			runOnlyForDeploymentPostprocessing = 0;
		};
/* End PBXSourcesBuildPhase section */

/* Begin PBXVariantGroup section */
		10F4688E208EE285002D910A /* Main.storyboard */ = {
			isa = PBXVariantGroup;
			children = (
				10F4688F208EE285002D910A /* Base */,
			);
			name = Main.storyboard;
			sourceTree = "<group>";
		};
		10F46893208EE28E002D910A /* LaunchScreen.storyboard */ = {
			isa = PBXVariantGroup;
			children = (
				10F46894208EE28E002D910A /* Base */,
			);
			name = LaunchScreen.storyboard;
			sourceTree = "<group>";
		};
/* End PBXVariantGroup section */

/* Begin XCBuildConfiguration section */
		10F46897208EE28E002D910A /* Debug */ = {
			isa = XCBuildConfiguration;
			buildSettings = {
				ALWAYS_SEARCH_USER_PATHS = NO;
				CLANG_ANALYZER_NONNULL = YES;
				CLANG_ANALYZER_NUMBER_OBJECT_CONVERSION = YES_AGGRESSIVE;
				CLANG_CXX_LANGUAGE_STANDARD = "gnu++14";
				CLANG_CXX_LIBRARY = "libc++";
				CLANG_ENABLE_MODULES = YES;
				CLANG_ENABLE_OBJC_ARC = YES;
				CLANG_ENABLE_OBJC_WEAK = YES;
				CLANG_WARN_BLOCK_CAPTURE_AUTORELEASING = YES;
				CLANG_WARN_BOOL_CONVERSION = YES;
				CLANG_WARN_COMMA = YES;
				CLANG_WARN_CONSTANT_CONVERSION = YES;
				CLANG_WARN_DEPRECATED_OBJC_IMPLEMENTATIONS = YES;
				CLANG_WARN_DIRECT_OBJC_ISA_USAGE = YES_ERROR;
				CLANG_WARN_DOCUMENTATION_COMMENTS = YES;
				CLANG_WARN_EMPTY_BODY = YES;
				CLANG_WARN_ENUM_CONVERSION = YES;
				CLANG_WARN_INFINITE_RECURSION = YES;
				CLANG_WARN_INT_CONVERSION = YES;
				CLANG_WARN_NON_LITERAL_NULL_CONVERSION = YES;
				CLANG_WARN_OBJC_IMPLICIT_RETAIN_SELF = YES;
				CLANG_WARN_OBJC_LITERAL_CONVERSION = YES;
				CLANG_WARN_OBJC_ROOT_CLASS = YES_ERROR;
				CLANG_WARN_RANGE_LOOP_ANALYSIS = YES;
				CLANG_WARN_STRICT_PROTOTYPES = YES;
				CLANG_WARN_SUSPICIOUS_MOVE = YES;
				CLANG_WARN_UNGUARDED_AVAILABILITY = YES_AGGRESSIVE;
				CLANG_WARN_UNREACHABLE_CODE = YES;
				CLANG_WARN__DUPLICATE_METHOD_MATCH = YES;
				CODE_SIGN_IDENTITY = "iPhone Developer";
				COPY_PHASE_STRIP = NO;
				DEBUG_INFORMATION_FORMAT = dwarf;
				ENABLE_STRICT_OBJC_MSGSEND = YES;
				ENABLE_TESTABILITY = YES;
				GCC_C_LANGUAGE_STANDARD = gnu11;
				GCC_DYNAMIC_NO_PIC = NO;
				GCC_NO_COMMON_BLOCKS = YES;
				GCC_OPTIMIZATION_LEVEL = 0;
				GCC_PREPROCESSOR_DEFINITIONS = (
					"DEBUG=1",
					"$(inherited)",
				);
				GCC_WARN_64_TO_32_BIT_CONVERSION = YES;
				GCC_WARN_ABOUT_RETURN_TYPE = YES_ERROR;
				GCC_WARN_UNDECLARED_SELECTOR = YES;
				GCC_WARN_UNINITIALIZED_AUTOS = YES_AGGRESSIVE;
				GCC_WARN_UNUSED_FUNCTION = YES;
				GCC_WARN_UNUSED_VARIABLE = YES;
				IPHONEOS_DEPLOYMENT_TARGET = 11.3;
				MTL_ENABLE_DEBUG_INFO = YES;
				ONLY_ACTIVE_ARCH = YES;
				SDKROOT = iphoneos;
				SWIFT_ACTIVE_COMPILATION_CONDITIONS = DEBUG;
				SWIFT_OPTIMIZATION_LEVEL = "-Onone";
			};
			name = Debug;
		};
		10F46898208EE28E002D910A /* Release */ = {
			isa = XCBuildConfiguration;
			buildSettings = {
				ALWAYS_SEARCH_USER_PATHS = NO;
				CLANG_ANALYZER_NONNULL = YES;
				CLANG_ANALYZER_NUMBER_OBJECT_CONVERSION = YES_AGGRESSIVE;
				CLANG_CXX_LANGUAGE_STANDARD = "gnu++14";
				CLANG_CXX_LIBRARY = "libc++";
				CLANG_ENABLE_MODULES = YES;
				CLANG_ENABLE_OBJC_ARC = YES;
				CLANG_ENABLE_OBJC_WEAK = YES;
				CLANG_WARN_BLOCK_CAPTURE_AUTORELEASING = YES;
				CLANG_WARN_BOOL_CONVERSION = YES;
				CLANG_WARN_COMMA = YES;
				CLANG_WARN_CONSTANT_CONVERSION = YES;
				CLANG_WARN_DEPRECATED_OBJC_IMPLEMENTATIONS = YES;
				CLANG_WARN_DIRECT_OBJC_ISA_USAGE = YES_ERROR;
				CLANG_WARN_DOCUMENTATION_COMMENTS = YES;
				CLANG_WARN_EMPTY_BODY = YES;
				CLANG_WARN_ENUM_CONVERSION = YES;
				CLANG_WARN_INFINITE_RECURSION = YES;
				CLANG_WARN_INT_CONVERSION = YES;
				CLANG_WARN_NON_LITERAL_NULL_CONVERSION = YES;
				CLANG_WARN_OBJC_IMPLICIT_RETAIN_SELF = YES;
				CLANG_WARN_OBJC_LITERAL_CONVERSION = YES;
				CLANG_WARN_OBJC_ROOT_CLASS = YES_ERROR;
				CLANG_WARN_RANGE_LOOP_ANALYSIS = YES;
				CLANG_WARN_STRICT_PROTOTYPES = YES;
				CLANG_WARN_SUSPICIOUS_MOVE = YES;
				CLANG_WARN_UNGUARDED_AVAILABILITY = YES_AGGRESSIVE;
				CLANG_WARN_UNREACHABLE_CODE = YES;
				CLANG_WARN__DUPLICATE_METHOD_MATCH = YES;
				CODE_SIGN_IDENTITY = "iPhone Developer";
				COPY_PHASE_STRIP = NO;
				DEBUG_INFORMATION_FORMAT = "dwarf-with-dsym";
				ENABLE_NS_ASSERTIONS = NO;
				ENABLE_STRICT_OBJC_MSGSEND = YES;
				GCC_C_LANGUAGE_STANDARD = gnu11;
				GCC_NO_COMMON_BLOCKS = YES;
				GCC_WARN_64_TO_32_BIT_CONVERSION = YES;
				GCC_WARN_ABOUT_RETURN_TYPE = YES_ERROR;
				GCC_WARN_UNDECLARED_SELECTOR = YES;
				GCC_WARN_UNINITIALIZED_AUTOS = YES_AGGRESSIVE;
				GCC_WARN_UNUSED_FUNCTION = YES;
				GCC_WARN_UNUSED_VARIABLE = YES;
				IPHONEOS_DEPLOYMENT_TARGET = 11.3;
				MTL_ENABLE_DEBUG_INFO = NO;
				SDKROOT = iphoneos;
				SWIFT_COMPILATION_MODE = wholemodule;
				SWIFT_OPTIMIZATION_LEVEL = "-O";
				VALIDATE_PRODUCT = YES;
			};
			name = Release;
		};
		10F4689A208EE28E002D910A /* Debug */ = {
			isa = XCBuildConfiguration;
			buildSettings = {
				ASSETCATALOG_COMPILER_APPICON_NAME = AppIcon;
				CODE_SIGN_STYLE = Automatic;
				DEVELOPMENT_TEAM = 6T9X2T6G7C;
				INFOPLIST_FILE = iPadLandscape/Info.plist;
				IPHONEOS_DEPLOYMENT_TARGET = 9.3;
				LD_RUNPATH_SEARCH_PATHS = (
					"$(inherited)",
					"@executable_path/Frameworks",
				);
				PRODUCT_BUNDLE_IDENTIFIER = com.willix.iPadLandscape;
				PRODUCT_NAME = "$(TARGET_NAME)";
				SWIFT_VERSION = 4.0;
				TARGETED_DEVICE_FAMILY = "1,2";
			};
			name = Debug;
		};
		10F4689B208EE28E002D910A /* Release */ = {
			isa = XCBuildConfiguration;
			buildSettings = {
				ASSETCATALOG_COMPILER_APPICON_NAME = AppIcon;
				CODE_SIGN_STYLE = Automatic;
				DEVELOPMENT_TEAM = 6T9X2T6G7C;
				INFOPLIST_FILE = iPadLandscape/Info.plist;
				IPHONEOS_DEPLOYMENT_TARGET = 9.3;
				LD_RUNPATH_SEARCH_PATHS = (
					"$(inherited)",
					"@executable_path/Frameworks",
				);
				PRODUCT_BUNDLE_IDENTIFIER = com.willix.iPadLandscape;
				PRODUCT_NAME = "$(TARGET_NAME)";
				SWIFT_VERSION = 4.0;
				TARGETED_DEVICE_FAMILY = "1,2";
			};
			name = Release;
		};
/* End XCBuildConfiguration section */

/* Begin XCConfigurationList section */
		10F46882208EE284002D910A /* Build configuration list for PBXProject "iPadLandscape" */ = {
			isa = XCConfigurationList;
			buildConfigurations = (
				10F46897208EE28E002D910A /* Debug */,
				10F46898208EE28E002D910A /* Release */,
			);
			defaultConfigurationIsVisible = 0;
			defaultConfigurationName = Release;
		};
		10F46899208EE28E002D910A /* Build configuration list for PBXNativeTarget "iPadLandscape" */ = {
			isa = XCConfigurationList;
			buildConfigurations = (
				10F4689A208EE28E002D910A /* Debug */,
				10F4689B208EE28E002D910A /* Release */,
			);
			defaultConfigurationIsVisible = 0;
			defaultConfigurationName = Release;
		};
/* End XCConfigurationList section */
	};
	rootObject = 10F4687F208EE284002D910A /* Project object */;
}
